
Microsoft Visual Studio Solution File, Format Version 12.00
# Visual Studio Version 17
VisualStudioVersion = 17.7.34018.315
MinimumVisualStudioVersion = 10.0.40219.1
Project("{FAE04EC0-301F-11D3-BF4B-00C04F79EFBC}") = "QuanLyKho", "QuanLyKho.csproj", "{DD3B67BB-5683-43B1-8566-F1C7421B2151}"
EndProject
Global
	GlobalSection(SolutionConfigurationPlatforms) = preSolution
		Debug|Any CPU = Debug|Any CPU
		Release|Any CPU = Release|Any CPU
	EndGlobalSection
	GlobalSection(ProjectConfigurationPlatforms) = postSolution
		{DD3B67BB-5683-43B1-8566-F1C7421B2151}.Debug|Any CPU.ActiveCfg = Debug|Any CPU
		{DD3B67BB-5683-43B1-8566-F1C7421B2151}.Debug|Any CPU.Build.0 = Debug|Any CPU
		{DD3B67BB-5683-43B1-8566-F1C7421B2151}.Release|Any CPU.ActiveCfg = Release|Any CPU
		{DD3B67BB-5683-43B1-8566-F1C7421B2151}.Release|Any CPU.Build.0 = Release|Any CPU
	EndGlobalSection
	GlobalSection(SolutionProperties) = preSolution
		HideSolutionNode = FALSE
	EndGlobalSection
	GlobalSection(ExtensibilityGlobals) = postSolution
		SolutionGuid = {F0F84BA7-1E70-4FE2-8AC6-0728A0C3BD50}
	EndGlobalSection
EndGlobal
